
Microsoft Visual Studio Solution File, Format Version 12.00
# Visual Studio Version 17
VisualStudioVersion = 17.8.34322.80
MinimumVisualStudioVersion = 10.0.40219.1
Project("{9A19103F-16F7-4668-BE54-9A1E7A4F7556}") = "rsiCheckIn", "rsiCheckIn\rsiCheckIn.csproj", "{898EDA36-1888-4FF7-AA67-382BBF8DEAFC}"
EndProject
Project("{FAE04EC0-301F-11D3-BF4B-00C04F79EFBC}") = "RsiApiWrapper", "RsiApiWrapper\RsiApiWrapper.csproj", "{9EE14F7F-C174-439D-9375-B5DC5CF11E03}"
EndProject
Global
	GlobalSection(SolutionConfigurationPlatforms) = preSolution
		Debug|Any CPU = Debug|Any CPU
		Release|Any CPU = Release|Any CPU
	EndGlobalSection
	GlobalSection(ProjectConfigurationPlatforms) = postSolution
		{898EDA36-1888-4FF7-AA67-382BBF8DEAFC}.Debug|Any CPU.ActiveCfg = Debug|Any CPU
		{898EDA36-1888-4FF7-AA67-382BBF8DEAFC}.Debug|Any CPU.Build.0 = Debug|Any CPU
		{898EDA36-1888-4FF7-AA67-382BBF8DEAFC}.Debug|Any CPU.Deploy.0 = Debug|Any CPU
		{898EDA36-1888-4FF7-AA67-382BBF8DEAFC}.Release|Any CPU.ActiveCfg = Release|Any CPU
		{898EDA36-1888-4FF7-AA67-382BBF8DEAFC}.Release|Any CPU.Build.0 = Release|Any CPU
		{898EDA36-1888-4FF7-AA67-382BBF8DEAFC}.Release|Any CPU.Deploy.0 = Release|Any CPU
		{9EE14F7F-C174-439D-9375-B5DC5CF11E03}.Debug|Any CPU.ActiveCfg = Debug|Any CPU
		{9EE14F7F-C174-439D-9375-B5DC5CF11E03}.Debug|Any CPU.Build.0 = Debug|Any CPU
		{9EE14F7F-C174-439D-9375-B5DC5CF11E03}.Release|Any CPU.ActiveCfg = Release|Any CPU
		{9EE14F7F-C174-439D-9375-B5DC5CF11E03}.Release|Any CPU.Build.0 = Release|Any CPU
	EndGlobalSection
	GlobalSection(SolutionProperties) = preSolution
		HideSolutionNode = FALSE
	EndGlobalSection
	GlobalSection(ExtensibilityGlobals) = postSolution
		SolutionGuid = {17A6D5B7-D777-43AF-9301-B16ACB451E46}
	EndGlobalSection
EndGlobal
